<?xml version="1.0" encoding="utf-8"?>
<Project ToolsVersion="4.0" xmlns="http://schemas.microsoft.com/developer/msbuild/2003">
  <ItemGroup>
    <Filter Include="Source Files">
      <UniqueIdentifier>{4FC737F1-C7A5-4376-A066-2A32D752A2FF}</UniqueIdentifier>
      <Extensions>cpp;c;cc;cxx;def;odl;idl;hpj;bat;asm;asmx</Extensions>
    </Filter>
    <Filter Include="Header Files">
      <UniqueIdentifier>{93995380-89BD-4b04-88EB-625FBE52EBFB}</UniqueIdentifier>
      <Extensions>h;hh;hpp;hxx;hm;inl;inc;ipp;xsd</Extensions>
    </Filter>
    <Filter Include="Resource Files">
      <UniqueIdentifier>{67DA6AB6-F800-4c08-8B7A-83BB121AAD01}</UniqueIdentifier>
      <Extensions>rc;ico;cur;bmp;dlg;rc2;rct;bin;rgs;gif;jpg;jpeg;jpe;resx;tiff;tif;png;wav;mfcribbon-ms</Extensions>
    </Filter>
    <Filter Include="LogFile">
      <UniqueIdentifier>{60501d27-ddd3-490f-81a6-35e1b4bc05d9}</UniqueIdentifier>
    </Filter>
    <Filter Include="kGUIThread">
      <UniqueIdentifier>{156dc12f-7b90-433a-9e69-5821117c374d}</UniqueIdentifier>
    </Filter>
    <Filter Include="sqlite">
      <UniqueIdentifier>{4ace1fdb-e7bd-475c-8a5b-dfdfc038bc3e}</UniqueIdentifier>
    </Filter>
  </ItemGroup>
  <ItemGroup>
    <ClCompile Include="main.cpp">
      <Filter>Source Files</Filter>
    </ClCompile>
    <ClCompile Include="Helpers.cpp">
      <Filter>Source Files</Filter>
    </ClCompile>
    <ClCompile Include="..\..\AETL-Listener\LogFile.cpp">
      <Filter>LogFile</Filter>
    </ClCompile>
    <ClCompile Include="..\..\AETL-Listener\kguithread.cpp">
      <Filter>kGUIThread</Filter>
    </ClCompile>
    <ClCompile Include="sqllite\sqlite3.c">
      <Filter>sqlite</Filter>
    </ClCompile>
    <ClCompile Include="sqllite\SQL_Helpers.cpp">
      <Filter>sqlite</Filter>
    </ClCompile>
    <ClCompile Include="Settings.cpp">
      <Filter>Source Files</Filter>
    </ClCompile>
  </ItemGroup>
  <ItemGroup>
    <ClInclude Include="Helpers.h">
      <Filter>Header Files</Filter>
    </ClInclude>
    <ClInclude Include="..\..\AETL-Listener\LogFile.h">
      <Filter>LogFile</Filter>
    </ClInclude>
    <ClInclude Include="..\..\AETL-Listener\kguithread.h">
      <Filter>kGUIThread</Filter>
    </ClInclude>
    <ClInclude Include="sqllite\SQL_Helpers.h">
      <Filter>sqlite</Filter>
    </ClInclude>
    <ClInclude Include="sqllite\sqlite3.h">
      <Filter>sqlite</Filter>
    </ClInclude>
  </ItemGroup>
  <ItemGroup>
    <None Include="Settings.h">
      <Filter>Header Files</Filter>
    </None>
  </ItemGroup>
</Project>